
Microsoft Visual Studio Solution File, Format Version 12.00
# Visual Studio Version 16
VisualStudioVersion = 16.0.28531.58
MinimumVisualStudioVersion = 15.0.26124.0
Project("{9A19103F-16F7-4668-BE54-9A1E7A4F7556}") = "SVAuto.Web", "SVAuto.Web\SVAuto.Web.csproj", "{D6DBA23D-21F3-4C7F-92FD-1375C0ED77F4}"
EndProject
Project("{9A19103F-16F7-4668-BE54-9A1E7A4F7556}") = "SVAuto.DAL", "SVAuto.DAL\SVAuto.DAL.csproj", "{D521190E-7BC0-4E95-BF77-E169E72C820A}"
EndProject
Project("{9A19103F-16F7-4668-BE54-9A1E7A4F7556}") = "SVAuto.EF", "SVAuto.EF\SVAuto.EF.csproj", "{D8F7F1B0-521F-4B49-9871-4B18B40D15AF}"
EndProject
Project("{9A19103F-16F7-4668-BE54-9A1E7A4F7556}") = "SVAuto.BL", "SVAuto.BL\SVAuto.BL.csproj", "{DD8C001B-73F1-4E50-B648-D68A7495EF04}"
EndProject
Project("{9A19103F-16F7-4668-BE54-9A1E7A4F7556}") = "SVAuto.Global", "SVAuto.Global\SVAuto.Global.csproj", "{9114162B-844D-4420-8EA2-69051B7DFCDC}"
EndProject
Project("{FAE04EC0-301F-11D3-BF4B-00C04F79EFBC}") = "SVAuto.SPA", "clients\SVAuto.SPA\SVAuto.SPA\SVAuto.SPA.csproj", "{17D43130-39A6-46E5-9868-C0F6A88A392D}"
EndProject
Global
	GlobalSection(SolutionConfigurationPlatforms) = preSolution
		Debug|Any CPU = Debug|Any CPU
		Debug|x64 = Debug|x64
		Debug|x86 = Debug|x86
		Release|Any CPU = Release|Any CPU
		Release|x64 = Release|x64
		Release|x86 = Release|x86
	EndGlobalSection
	GlobalSection(ProjectConfigurationPlatforms) = postSolution
		{D6DBA23D-21F3-4C7F-92FD-1375C0ED77F4}.Debug|Any CPU.ActiveCfg = Debug|Any CPU
		{D6DBA23D-21F3-4C7F-92FD-1375C0ED77F4}.Debug|Any CPU.Build.0 = Debug|Any CPU
		{D6DBA23D-21F3-4C7F-92FD-1375C0ED77F4}.Debug|x64.ActiveCfg = Debug|Any CPU
		{D6DBA23D-21F3-4C7F-92FD-1375C0ED77F4}.Debug|x64.Build.0 = Debug|Any CPU
		{D6DBA23D-21F3-4C7F-92FD-1375C0ED77F4}.Debug|x86.ActiveCfg = Debug|Any CPU
		{D6DBA23D-21F3-4C7F-92FD-1375C0ED77F4}.Debug|x86.Build.0 = Debug|Any CPU
		{D6DBA23D-21F3-4C7F-92FD-1375C0ED77F4}.Release|Any CPU.ActiveCfg = Release|Any CPU
		{D6DBA23D-21F3-4C7F-92FD-1375C0ED77F4}.Release|Any CPU.Build.0 = Release|Any CPU
		{D6DBA23D-21F3-4C7F-92FD-1375C0ED77F4}.Release|x64.ActiveCfg = Release|Any CPU
		{D6DBA23D-21F3-4C7F-92FD-1375C0ED77F4}.Release|x64.Build.0 = Release|Any CPU
		{D6DBA23D-21F3-4C7F-92FD-1375C0ED77F4}.Release|x86.ActiveCfg = Release|Any CPU
		{D6DBA23D-21F3-4C7F-92FD-1375C0ED77F4}.Release|x86.Build.0 = Release|Any CPU
		{D521190E-7BC0-4E95-BF77-E169E72C820A}.Debug|Any CPU.ActiveCfg = Debug|Any CPU
		{D521190E-7BC0-4E95-BF77-E169E72C820A}.Debug|Any CPU.Build.0 = Debug|Any CPU
		{D521190E-7BC0-4E95-BF77-E169E72C820A}.Debug|x64.ActiveCfg = Debug|Any CPU
		{D521190E-7BC0-4E95-BF77-E169E72C820A}.Debug|x64.Build.0 = Debug|Any CPU
		{D521190E-7BC0-4E95-BF77-E169E72C820A}.Debug|x86.ActiveCfg = Debug|Any CPU
		{D521190E-7BC0-4E95-BF77-E169E72C820A}.Debug|x86.Build.0 = Debug|Any CPU
		{D521190E-7BC0-4E95-BF77-E169E72C820A}.Release|Any CPU.ActiveCfg = Release|Any CPU
		{D521190E-7BC0-4E95-BF77-E169E72C820A}.Release|Any CPU.Build.0 = Release|Any CPU
		{D521190E-7BC0-4E95-BF77-E169E72C820A}.Release|x64.ActiveCfg = Release|Any CPU
		{D521190E-7BC0-4E95-BF77-E169E72C820A}.Release|x64.Build.0 = Release|Any CPU
		{D521190E-7BC0-4E95-BF77-E169E72C820A}.Release|x86.ActiveCfg = Release|Any CPU
		{D521190E-7BC0-4E95-BF77-E169E72C820A}.Release|x86.Build.0 = Release|Any CPU
		{D8F7F1B0-521F-4B49-9871-4B18B40D15AF}.Debug|Any CPU.ActiveCfg = Debug|Any CPU
		{D8F7F1B0-521F-4B49-9871-4B18B40D15AF}.Debug|Any CPU.Build.0 = Debug|Any CPU
		{D8F7F1B0-521F-4B49-9871-4B18B40D15AF}.Debug|x64.ActiveCfg = Debug|Any CPU
		{D8F7F1B0-521F-4B49-9871-4B18B40D15AF}.Debug|x64.Build.0 = Debug|Any CPU
		{D8F7F1B0-521F-4B49-9871-4B18B40D15AF}.Debug|x86.ActiveCfg = Debug|Any CPU
		{D8F7F1B0-521F-4B49-9871-4B18B40D15AF}.Debug|x86.Build.0 = Debug|Any CPU
		{D8F7F1B0-521F-4B49-9871-4B18B40D15AF}.Release|Any CPU.ActiveCfg = Release|Any CPU
		{D8F7F1B0-521F-4B49-9871-4B18B40D15AF}.Release|Any CPU.Build.0 = Release|Any CPU
		{D8F7F1B0-521F-4B49-9871-4B18B40D15AF}.Release|x64.ActiveCfg = Release|Any CPU
		{D8F7F1B0-521F-4B49-9871-4B18B40D15AF}.Release|x64.Build.0 = Release|Any CPU
		{D8F7F1B0-521F-4B49-9871-4B18B40D15AF}.Release|x86.ActiveCfg = Release|Any CPU
		{D8F7F1B0-521F-4B49-9871-4B18B40D15AF}.Release|x86.Build.0 = Release|Any CPU
		{DD8C001B-73F1-4E50-B648-D68A7495EF04}.Debug|Any CPU.ActiveCfg = Debug|Any CPU
		{DD8C001B-73F1-4E50-B648-D68A7495EF04}.Debug|Any CPU.Build.0 = Debug|Any CPU
		{DD8C001B-73F1-4E50-B648-D68A7495EF04}.Debug|x64.ActiveCfg = Debug|Any CPU
		{DD8C001B-73F1-4E50-B648-D68A7495EF04}.Debug|x64.Build.0 = Debug|Any CPU
		{DD8C001B-73F1-4E50-B648-D68A7495EF04}.Debug|x86.ActiveCfg = Debug|Any CPU
		{DD8C001B-73F1-4E50-B648-D68A7495EF04}.Debug|x86.Build.0 = Debug|Any CPU
		{DD8C001B-73F1-4E50-B648-D68A7495EF04}.Release|Any CPU.ActiveCfg = Release|Any CPU
		{DD8C001B-73F1-4E50-B648-D68A7495EF04}.Release|Any CPU.Build.0 = Release|Any CPU
		{DD8C001B-73F1-4E50-B648-D68A7495EF04}.Release|x64.ActiveCfg = Release|Any CPU
		{DD8C001B-73F1-4E50-B648-D68A7495EF04}.Release|x64.Build.0 = Release|Any CPU
		{DD8C001B-73F1-4E50-B648-D68A7495EF04}.Release|x86.ActiveCfg = Release|Any CPU
		{DD8C001B-73F1-4E50-B648-D68A7495EF04}.Release|x86.Build.0 = Release|Any CPU
		{9114162B-844D-4420-8EA2-69051B7DFCDC}.Debug|Any CPU.ActiveCfg = Debug|Any CPU
		{9114162B-844D-4420-8EA2-69051B7DFCDC}.Debug|Any CPU.Build.0 = Debug|Any CPU
		{9114162B-844D-4420-8EA2-69051B7DFCDC}.Debug|x64.ActiveCfg = Debug|Any CPU
		{9114162B-844D-4420-8EA2-69051B7DFCDC}.Debug|x64.Build.0 = Debug|Any CPU
		{9114162B-844D-4420-8EA2-69051B7DFCDC}.Debug|x86.ActiveCfg = Debug|Any CPU
		{9114162B-844D-4420-8EA2-69051B7DFCDC}.Debug|x86.Build.0 = Debug|Any CPU
		{9114162B-844D-4420-8EA2-69051B7DFCDC}.Release|Any CPU.ActiveCfg = Release|Any CPU
		{9114162B-844D-4420-8EA2-69051B7DFCDC}.Release|Any CPU.Build.0 = Release|Any CPU
		{9114162B-844D-4420-8EA2-69051B7DFCDC}.Release|x64.ActiveCfg = Release|Any CPU
		{9114162B-844D-4420-8EA2-69051B7DFCDC}.Release|x64.Build.0 = Release|Any CPU
		{9114162B-844D-4420-8EA2-69051B7DFCDC}.Release|x86.ActiveCfg = Release|Any CPU
		{9114162B-844D-4420-8EA2-69051B7DFCDC}.Release|x86.Build.0 = Release|Any CPU
		{17D43130-39A6-46E5-9868-C0F6A88A392D}.Debug|Any CPU.ActiveCfg = Debug|Any CPU
		{17D43130-39A6-46E5-9868-C0F6A88A392D}.Debug|Any CPU.Build.0 = Debug|Any CPU
		{17D43130-39A6-46E5-9868-C0F6A88A392D}.Debug|x64.ActiveCfg = Debug|Any CPU
		{17D43130-39A6-46E5-9868-C0F6A88A392D}.Debug|x64.Build.0 = Debug|Any CPU
		{17D43130-39A6-46E5-9868-C0F6A88A392D}.Debug|x86.ActiveCfg = Debug|Any CPU
		{17D43130-39A6-46E5-9868-C0F6A88A392D}.Debug|x86.Build.0 = Debug|Any CPU
		{17D43130-39A6-46E5-9868-C0F6A88A392D}.Release|Any CPU.ActiveCfg = Release|Any CPU
		{17D43130-39A6-46E5-9868-C0F6A88A392D}.Release|Any CPU.Build.0 = Release|Any CPU
		{17D43130-39A6-46E5-9868-C0F6A88A392D}.Release|x64.ActiveCfg = Release|Any CPU
		{17D43130-39A6-46E5-9868-C0F6A88A392D}.Release|x64.Build.0 = Release|Any CPU
		{17D43130-39A6-46E5-9868-C0F6A88A392D}.Release|x86.ActiveCfg = Release|Any CPU
		{17D43130-39A6-46E5-9868-C0F6A88A392D}.Release|x86.Build.0 = Release|Any CPU
	EndGlobalSection
	GlobalSection(SolutionProperties) = preSolution
		HideSolutionNode = FALSE
	EndGlobalSection
	GlobalSection(ExtensibilityGlobals) = postSolution
		SolutionGuid = {4B076AAC-6EA1-410B-AD0E-B683A53B50D4}
	EndGlobalSection
EndGlobal
